// !$*UTF8*$!
{
	archiveVersion = 1;
	classes = {
	};
	objectVersion = 46;
	objects = {

/* Begin PBXBuildFile section */
		95438E9E1ECD05AD003E232D /* AppDelegate.swift in Sources */ = {isa = PBXBuildFile; fileRef = 95438E9D1ECD05AD003E232D /* AppDelegate.swift */; };
		95438EA01ECD05AD003E232D /* ViewController.swift in Sources */ = {isa = PBXBuildFile; fileRef = 95438E9F1ECD05AD003E232D /* ViewController.swift */; };
		95438EA31ECD05AD003E232D /* Main.storyboard in Resources */ = {isa = PBXBuildFile; fileRef = 95438EA11ECD05AD003E232D /* Main.storyboard */; };
		95438EA51ECD05AD003E232D /* Assets.xcassets in Resources */ = {isa = PBXBuildFile; fileRef = 95438EA41ECD05AD003E232D /* Assets.xcassets */; };
		95438EA81ECD05AD003E232D /* LaunchScreen.storyboard in Resources */ = {isa = PBXBuildFile; fileRef = 95438EA61ECD05AD003E232D /* LaunchScreen.storyboard */; };
		95438EB31ECD05AD003E232D /* aging_peopleTests.swift in Sources */ = {isa = PBXBuildFile; fileRef = 95438EB21ECD05AD003E232D /* aging_peopleTests.swift */; };
		95438EBE1ECD05AD003E232D /* aging_peopleUITests.swift in Sources */ = {isa = PBXBuildFile; fileRef = 95438EBD1ECD05AD003E232D /* aging_peopleUITests.swift */; };
/* End PBXBuildFile section */

/* Begin PBXContainerItemProxy section */
		95438EAF1ECD05AD003E232D /* PBXContainerItemProxy */ = {
			isa = PBXContainerItemProxy;
			containerPortal = 95438E921ECD05AD003E232D /* Project object */;
			proxyType = 1;
			remoteGlobalIDString = 95438E991ECD05AD003E232D;
			remoteInfo = aging_people;
		};
		95438EBA1ECD05AD003E232D /* PBXContainerItemProxy */ = {
			isa = PBXContainerItemProxy;
			containerPortal = 95438E921ECD05AD003E232D /* Project object */;
			proxyType = 1;
			remoteGlobalIDString = 95438E991ECD05AD003E232D;
			remoteInfo = aging_people;
		};
/* End PBXContainerItemProxy section */

/* Begin PBXFileReference section */
		95438E9A1ECD05AD003E232D /* aging_people.app */ = {isa = PBXFileReference; explicitFileType = wrapper.application; includeInIndex = 0; path = aging_people.app; sourceTree = BUILT_PRODUCTS_DIR; };
		95438E9D1ECD05AD003E232D /* AppDelegate.swift */ = {isa = PBXFileReference; lastKnownFileType = sourcecode.swift; path = AppDelegate.swift; sourceTree = "<group>"; };
		95438E9F1ECD05AD003E232D /* ViewController.swift */ = {isa = PBXFileReference; lastKnownFileType = sourcecode.swift; path = ViewController.swift; sourceTree = "<group>"; };
		95438EA21ECD05AD003E232D /* Base */ = {isa = PBXFileReference; lastKnownFileType = file.storyboard; name = Base; path = Base.lproj/Main.storyboard; sourceTree = "<group>"; };
		95438EA41ECD05AD003E232D /* Assets.xcassets */ = {isa = PBXFileReference; lastKnownFileType = folder.assetcatalog; path = Assets.xcassets; sourceTree = "<group>"; };
		95438EA71ECD05AD003E232D /* Base */ = {isa = PBXFileReference; lastKnownFileType = file.storyboard; name = Base; path = Base.lproj/LaunchScreen.storyboard; sourceTree = "<group>"; };
		95438EA91ECD05AD003E232D /* Info.plist */ = {isa = PBXFileReference; lastKnownFileType = text.plist.xml; path = Info.plist; sourceTree = "<group>"; };
		95438EAE1ECD05AD003E232D /* aging_peopleTests.xctest */ = {isa = PBXFileReference; explicitFileType = wrapper.cfbundle; includeInIndex = 0; path = aging_peopleTests.xctest; sourceTree = BUILT_PRODUCTS_DIR; };
		95438EB21ECD05AD003E232D /* aging_peopleTests.swift */ = {isa = PBXFileReference; lastKnownFileType = sourcecode.swift; path = aging_peopleTests.swift; sourceTree = "<group>"; };
		95438EB41ECD05AD003E232D /* Info.plist */ = {isa = PBXFileReference; lastKnownFileType = text.plist.xml; path = Info.plist; sourceTree = "<group>"; };
		95438EB91ECD05AD003E232D /* aging_peopleUITests.xctest */ = {isa = PBXFileReference; explicitFileType = wrapper.cfbundle; includeInIndex = 0; path = aging_peopleUITests.xctest; sourceTree = BUILT_PRODUCTS_DIR; };
		95438EBD1ECD05AD003E232D /* aging_peopleUITests.swift */ = {isa = PBXFileReference; lastKnownFileType = sourcecode.swift; path = aging_peopleUITests.swift; sourceTree = "<group>"; };
		95438EBF1ECD05AD003E232D /* Info.plist */ = {isa = PBXFileReference; lastKnownFileType = text.plist.xml; path = Info.plist; sourceTree = "<group>"; };
/* End PBXFileReference section */

/* Begin PBXFrameworksBuildPhase section */
		95438E971ECD05AD003E232D /* Frameworks */ = {
			isa = PBXFrameworksBuildPhase;
			buildActionMask = 2147483647;
			files = (
			);
			runOnlyForDeploymentPostprocessing = 0;
		};
		95438EAB1ECD05AD003E232D /* Frameworks */ = {
			isa = PBXFrameworksBuildPhase;
			buildActionMask = 2147483647;
			files = (
			);
			runOnlyForDeploymentPostprocessing = 0;
		};
		95438EB61ECD05AD003E232D /* Frameworks */ = {
			isa = PBXFrameworksBuildPhase;
			buildActionMask = 2147483647;
			files = (
			);
			runOnlyForDeploymentPostprocessing = 0;
		};
/* End PBXFrameworksBuildPhase section */

/* Begin PBXGroup section */
		95438E911ECD05AD003E232D = {
			isa = PBXGroup;
			children = (
				95438E9C1ECD05AD003E232D /* aging_people */,
				95438EB11ECD05AD003E232D /* aging_peopleTests */,
				95438EBC1ECD05AD003E232D /* aging_peopleUITests */,
				95438E9B1ECD05AD003E232D /* Products */,
			);
			sourceTree = "<group>";
		};
		95438E9B1ECD05AD003E232D /* Products */ = {
			isa = PBXGroup;
			children = (
				95438E9A1ECD05AD003E232D /* aging_people.app */,
				95438EAE1ECD05AD003E232D /* aging_peopleTests.xctest */,
				95438EB91ECD05AD003E232D /* aging_peopleUITests.xctest */,
			);
			name = Products;
			sourceTree = "<group>";
		};
		95438E9C1ECD05AD003E232D /* aging_people */ = {
			isa = PBXGroup;
			children = (
				95438E9D1ECD05AD003E232D /* AppDelegate.swift */,
				95438E9F1ECD05AD003E232D /* ViewController.swift */,
				95438EA11ECD05AD003E232D /* Main.storyboard */,
				95438EA41ECD05AD003E232D /* Assets.xcassets */,
				95438EA61ECD05AD003E232D /* LaunchScreen.storyboard */,
				95438EA91ECD05AD003E232D /* Info.plist */,
			);
			path = aging_people;
			sourceTree = "<group>";
		};
		95438EB11ECD05AD003E232D /* aging_peopleTests */ = {
			isa = PBXGroup;
			children = (
				95438EB21ECD05AD003E232D /* aging_peopleTests.swift */,
				95438EB41ECD05AD003E232D /* Info.plist */,
			);
			path = aging_peopleTests;
			sourceTree = "<group>";
		};
		95438EBC1ECD05AD003E232D /* aging_peopleUITests */ = {
			isa = PBXGroup;
			children = (
				95438EBD1ECD05AD003E232D /* aging_peopleUITests.swift */,
				95438EBF1ECD05AD003E232D /* Info.plist */,
			);
			path = aging_peopleUITests;
			sourceTree = "<group>";
		};
/* End PBXGroup section */

/* Begin PBXNativeTarget section */
		95438E991ECD05AD003E232D /* aging_people */ = {
			isa = PBXNativeTarget;
			buildConfigurationList = 95438EC21ECD05AD003E232D /* Build configuration list for PBXNativeTarget "aging_people" */;
			buildPhases = (
				95438E961ECD05AD003E232D /* Sources */,
				95438E971ECD05AD003E232D /* Frameworks */,
				95438E981ECD05AD003E232D /* Resources */,
			);
			buildRules = (
			);
			dependencies = (
			);
			name = aging_people;
			productName = aging_people;
			productReference = 95438E9A1ECD05AD003E232D /* aging_people.app */;
			productType = "com.apple.product-type.application";
		};
		95438EAD1ECD05AD003E232D /* aging_peopleTests */ = {
			isa = PBXNativeTarget;
			buildConfigurationList = 95438EC51ECD05AD003E232D /* Build configuration list for PBXNativeTarget "aging_peopleTests" */;
			buildPhases = (
				95438EAA1ECD05AD003E232D /* Sources */,
				95438EAB1ECD05AD003E232D /* Frameworks */,
				95438EAC1ECD05AD003E232D /* Resources */,
			);
			buildRules = (
			);
			dependencies = (
				95438EB01ECD05AD003E232D /* PBXTargetDependency */,
			);
			name = aging_peopleTests;
			productName = aging_peopleTests;
			productReference = 95438EAE1ECD05AD003E232D /* aging_peopleTests.xctest */;
			productType = "com.apple.product-type.bundle.unit-test";
		};
		95438EB81ECD05AD003E232D /* aging_peopleUITests */ = {
			isa = PBXNativeTarget;
			buildConfigurationList = 95438EC81ECD05AD003E232D /* Build configuration list for PBXNativeTarget "aging_peopleUITests" */;
			buildPhases = (
				95438EB51ECD05AD003E232D /* Sources */,
				95438EB61ECD05AD003E232D /* Frameworks */,
				95438EB71ECD05AD003E232D /* Resources */,
			);
			buildRules = (
			);
			dependencies = (
				95438EBB1ECD05AD003E232D /* PBXTargetDependency */,
			);
			name = aging_peopleUITests;
			productName = aging_peopleUITests;
			productReference = 95438EB91ECD05AD003E232D /* aging_peopleUITests.xctest */;
			productType = "com.apple.product-type.bundle.ui-testing";
		};
/* End PBXNativeTarget section */

/* Begin PBXProject section */
		95438E921ECD05AD003E232D /* Project object */ = {
			isa = PBXProject;
			attributes = {
				LastSwiftUpdateCheck = 0830;
				LastUpgradeCheck = 0830;
				ORGANIZATIONNAME = "julie kim";
				TargetAttributes = {
					95438E991ECD05AD003E232D = {
						CreatedOnToolsVersion = 8.3.2;
						DevelopmentTeam = 7XE3J4SBAB;
						ProvisioningStyle = Automatic;
					};
					95438EAD1ECD05AD003E232D = {
						CreatedOnToolsVersion = 8.3.2;
						DevelopmentTeam = 7XE3J4SBAB;
						ProvisioningStyle = Automatic;
						TestTargetID = 95438E991ECD05AD003E232D;
					};
					95438EB81ECD05AD003E232D = {
						CreatedOnToolsVersion = 8.3.2;
						DevelopmentTeam = 7XE3J4SBAB;
						ProvisioningStyle = Automatic;
						TestTargetID = 95438E991ECD05AD003E232D;
					};
				};
			};
			buildConfigurationList = 95438E951ECD05AD003E232D /* Build configuration list for PBXProject "aging_people" */;
			compatibilityVersion = "Xcode 3.2";
			developmentRegion = English;
			hasScannedForEncodings = 0;
			knownRegions = (
				en,
				Base,
			);
			mainGroup = 95438E911ECD05AD003E232D;
			productRefGroup = 95438E9B1ECD05AD003E232D /* Products */;
			projectDirPath = "";
			projectRoot = "";
			targets = (
				95438E991ECD05AD003E232D /* aging_people */,
				95438EAD1ECD05AD003E232D /* aging_peopleTests */,
				95438EB81ECD05AD003E232D /* aging_peopleUITests */,
			);
		};
/* End PBXProject section */

/* Begin PBXResourcesBuildPhase section */
		95438E981ECD05AD003E232D /* Resources */ = {
			isa = PBXResourcesBuildPhase;
			buildActionMask = 2147483647;
			files = (
				95438EA81ECD05AD003E232D /* LaunchScreen.storyboard in Resources */,
				95438EA51ECD05AD003E232D /* Assets.xcassets in Resources */,
				95438EA31ECD05AD003E232D /* Main.storyboard in Resources */,
			);
			runOnlyForDeploymentPostprocessing = 0;
		};
		95438EAC1ECD05AD003E232D /* Resources */ = {
			isa = PBXResourcesBuildPhase;
			buildActionMask = 2147483647;
			files = (
			);
			runOnlyForDeploymentPostprocessing = 0;
		};
		95438EB71ECD05AD003E232D /* Resources */ = {
			isa = PBXResourcesBuildPhase;
			buildActionMask = 2147483647;
			files = (
			);
			runOnlyForDeploymentPostprocessing = 0;
		};
/* End PBXResourcesBuildPhase section */

/* Begin PBXSourcesBuildPhase section */
		95438E961ECD05AD003E232D /* Sources */ = {
			isa = PBXSourcesBuildPhase;
			buildActionMask = 2147483647;
			files = (
				95438EA01ECD05AD003E232D /* ViewController.swift in Sources */,
				95438E9E1ECD05AD003E232D /* AppDelegate.swift in Sources */,
			);
			runOnlyForDeploymentPostprocessing = 0;
		};
		95438EAA1ECD05AD003E232D /* Sources */ = {
			isa = PBXSourcesBuildPhase;
			buildActionMask = 2147483647;
			files = (
				95438EB31ECD05AD003E232D /* aging_peopleTests.swift in Sources */,
			);
			runOnlyForDeploymentPostprocessing = 0;
		};
		95438EB51ECD05AD003E232D /* Sources */ = {
			isa = PBXSourcesBuildPhase;
			buildActionMask = 2147483647;
			files = (
				95438EBE1ECD05AD003E232D /* aging_peopleUITests.swift in Sources */,
			);
			runOnlyForDeploymentPostprocessing = 0;
		};
/* End PBXSourcesBuildPhase section */

/* Begin PBXTargetDependency section */
		95438EB01ECD05AD003E232D /* PBXTargetDependency */ = {
			isa = PBXTargetDependency;
			target = 95438E991ECD05AD003E232D /* aging_people */;
			targetProxy = 95438EAF1ECD05AD003E232D /* PBXContainerItemProxy */;
		};
		95438EBB1ECD05AD003E232D /* PBXTargetDependency */ = {
			isa = PBXTargetDependency;
			target = 95438E991ECD05AD003E232D /* aging_people */;
			targetProxy = 95438EBA1ECD05AD003E232D /* PBXContainerItemProxy */;
		};
/* End PBXTargetDependency section */

/* Begin PBXVariantGroup section */
		95438EA11ECD05AD003E232D /* Main.storyboard */ = {
			isa = PBXVariantGroup;
			children = (
				95438EA21ECD05AD003E232D /* Base */,
			);
			name = Main.storyboard;
			sourceTree = "<group>";
		};
		95438EA61ECD05AD003E232D /* LaunchScreen.storyboard */ = {
			isa = PBXVariantGroup;
			children = (
				95438EA71ECD05AD003E232D /* Base */,
			);
			name = LaunchScreen.storyboard;
			sourceTree = "<group>";
		};
/* End PBXVariantGroup section */

/* Begin XCBuildConfiguration section */
		95438EC01ECD05AD003E232D /* Debug */ = {
			isa = XCBuildConfiguration;
			buildSettings = {
				ALWAYS_SEARCH_USER_PATHS = NO;
				CLANG_ANALYZER_NONNULL = YES;
				CLANG_ANALYZER_NUMBER_OBJECT_CONVERSION = YES_AGGRESSIVE;
				CLANG_CXX_LANGUAGE_STANDARD = "gnu++0x";
				CLANG_CXX_LIBRARY = "libc++";
				CLANG_ENABLE_MODULES = YES;
				CLANG_ENABLE_OBJC_ARC = YES;
				CLANG_WARN_BOOL_CONVERSION = YES;
				CLANG_WARN_CONSTANT_CONVERSION = YES;
				CLANG_WARN_DIRECT_OBJC_ISA_USAGE = YES_ERROR;
				CLANG_WARN_DOCUMENTATION_COMMENTS = YES;
				CLANG_WARN_EMPTY_BODY = YES;
				CLANG_WARN_ENUM_CONVERSION = YES;
				CLANG_WARN_INFINITE_RECURSION = YES;
				CLANG_WARN_INT_CONVERSION = YES;
				CLANG_WARN_OBJC_ROOT_CLASS = YES_ERROR;
				CLANG_WARN_SUSPICIOUS_MOVE = YES;
				CLANG_WARN_UNREACHABLE_CODE = YES;
				CLANG_WARN__DUPLICATE_METHOD_MATCH = YES;
				"CODE_SIGN_IDENTITY[sdk=iphoneos*]" = "iPhone Developer";
				COPY_PHASE_STRIP = NO;
				DEBUG_INFORMATION_FORMAT = dwarf;
				ENABLE_STRICT_OBJC_MSGSEND = YES;
				ENABLE_TESTABILITY = YES;
				GCC_C_LANGUAGE_STANDARD = gnu99;
				GCC_DYNAMIC_NO_PIC = NO;
				GCC_NO_COMMON_BLOCKS = YES;
				GCC_OPTIMIZATION_LEVEL = 0;
				GCC_PREPROCESSOR_DEFINITIONS = (
					"DEBUG=1",
					"$(inherited)",
				);
				GCC_WARN_64_TO_32_BIT_CONVERSION = YES;
				GCC_WARN_ABOUT_RETURN_TYPE = YES_ERROR;
				GCC_WARN_UNDECLARED_SELECTOR = YES;
				GCC_WARN_UNINITIALIZED_AUTOS = YES_AGGRESSIVE;
				GCC_WARN_UNUSED_FUNCTION = YES;
				GCC_WARN_UNUSED_VARIABLE = YES;
				IPHONEOS_DEPLOYMENT_TARGET = 10.3;
				MTL_ENABLE_DEBUG_INFO = YES;
				ONLY_ACTIVE_ARCH = YES;
				SDKROOT = iphoneos;
				SWIFT_ACTIVE_COMPILATION_CONDITIONS = DEBUG;
				SWIFT_OPTIMIZATION_LEVEL = "-Onone";
				TARGETED_DEVICE_FAMILY = "1,2";
			};
			name = Debug;
		};
		95438EC11ECD05AD003E232D /* Release */ = {
			isa = XCBuildConfiguration;
			buildSettings = {
				ALWAYS_SEARCH_USER_PATHS = NO;
				CLANG_ANALYZER_NONNULL = YES;
				CLANG_ANALYZER_NUMBER_OBJECT_CONVERSION = YES_AGGRESSIVE;
				CLANG_CXX_LANGUAGE_STANDARD = "gnu++0x";
				CLANG_CXX_LIBRARY = "libc++";
				CLANG_ENABLE_MODULES = YES;
				CLANG_ENABLE_OBJC_ARC = YES;
				CLANG_WARN_BOOL_CONVERSION = YES;
				CLANG_WARN_CONSTANT_CONVERSION = YES;
				CLANG_WARN_DIRECT_OBJC_ISA_USAGE = YES_ERROR;
				CLANG_WARN_DOCUMENTATION_COMMENTS = YES;
				CLANG_WARN_EMPTY_BODY = YES;
				CLANG_WARN_ENUM_CONVERSION = YES;
				CLANG_WARN_INFINITE_RECURSION = YES;
				CLANG_WARN_INT_CONVERSION = YES;
				CLANG_WARN_OBJC_ROOT_CLASS = YES_ERROR;
				CLANG_WARN_SUSPICIOUS_MOVE = YES;
				CLANG_WARN_UNREACHABLE_CODE = YES;
				CLANG_WARN__DUPLICATE_METHOD_MATCH = YES;
				"CODE_SIGN_IDENTITY[sdk=iphoneos*]" = "iPhone Developer";
				COPY_PHASE_STRIP = NO;
				DEBUG_INFORMATION_FORMAT = "dwarf-with-dsym";
				ENABLE_NS_ASSERTIONS = NO;
				ENABLE_STRICT_OBJC_MSGSEND = YES;
				GCC_C_LANGUAGE_STANDARD = gnu99;
				GCC_NO_COMMON_BLOCKS = YES;
				GCC_WARN_64_TO_32_BIT_CONVERSION = YES;
				GCC_WARN_ABOUT_RETURN_TYPE = YES_ERROR;
				GCC_WARN_UNDECLARED_SELECTOR = YES;
				GCC_WARN_UNINITIALIZED_AUTOS = YES_AGGRESSIVE;
				GCC_WARN_UNUSED_FUNCTION = YES;
				GCC_WARN_UNUSED_VARIABLE = YES;
				IPHONEOS_DEPLOYMENT_TARGET = 10.3;
				MTL_ENABLE_DEBUG_INFO = NO;
				SDKROOT = iphoneos;
				SWIFT_OPTIMIZATION_LEVEL = "-Owholemodule";
				TARGETED_DEVICE_FAMILY = "1,2";
				VALIDATE_PRODUCT = YES;
			};
			name = Release;
		};
		95438EC31ECD05AD003E232D /* Debug */ = {
			isa = XCBuildConfiguration;
			buildSettings = {
				ASSETCATALOG_COMPILER_APPICON_NAME = AppIcon;
				DEVELOPMENT_TEAM = 7XE3J4SBAB;
				INFOPLIST_FILE = aging_people/Info.plist;
				LD_RUNPATH_SEARCH_PATHS = "$(inherited) @executable_path/Frameworks";
				PRODUCT_BUNDLE_IDENTIFIER = "jk.aging-people";
				PRODUCT_NAME = "$(TARGET_NAME)";
				SWIFT_VERSION = 3.0;
			};
			name = Debug;
		};
		95438EC41ECD05AD003E232D /* Release */ = {
			isa = XCBuildConfiguration;
			buildSettings = {
				ASSETCATALOG_COMPILER_APPICON_NAME = AppIcon;
				DEVELOPMENT_TEAM = 7XE3J4SBAB;
				INFOPLIST_FILE = aging_people/Info.plist;
				LD_RUNPATH_SEARCH_PATHS = "$(inherited) @executable_path/Frameworks";
				PRODUCT_BUNDLE_IDENTIFIER = "jk.aging-people";
				PRODUCT_NAME = "$(TARGET_NAME)";
				SWIFT_VERSION = 3.0;
			};
			name = Release;
		};
		95438EC61ECD05AD003E232D /* Debug */ = {
			isa = XCBuildConfiguration;
			buildSettings = {
				ALWAYS_EMBED_SWIFT_STANDARD_LIBRARIES = YES;
				BUNDLE_LOADER = "$(TEST_HOST)";
				DEVELOPMENT_TEAM = 7XE3J4SBAB;
				INFOPLIST_FILE = aging_peopleTests/Info.plist;
				LD_RUNPATH_SEARCH_PATHS = "$(inherited) @executable_path/Frameworks @loader_path/Frameworks";
				PRODUCT_BUNDLE_IDENTIFIER = "jk.aging-peopleTests";
				PRODUCT_NAME = "$(TARGET_NAME)";
				SWIFT_VERSION = 3.0;
				TEST_HOST = "$(BUILT_PRODUCTS_DIR)/aging_people.app/aging_people";
			};
			name = Debug;
		};
		95438EC71ECD05AD003E232D /* Release */ = {
			isa = XCBuildConfiguration;
			buildSettings = {
				ALWAYS_EMBED_SWIFT_STANDARD_LIBRARIES = YES;
				BUNDLE_LOADER = "$(TEST_HOST)";
				DEVELOPMENT_TEAM = 7XE3J4SBAB;
				INFOPLIST_FILE = aging_peopleTests/Info.plist;
				LD_RUNPATH_SEARCH_PATHS = "$(inherited) @executable_path/Frameworks @loader_path/Frameworks";
				PRODUCT_BUNDLE_IDENTIFIER = "jk.aging-peopleTests";
				PRODUCT_NAME = "$(TARGET_NAME)";
				SWIFT_VERSION = 3.0;
				TEST_HOST = "$(BUILT_PRODUCTS_DIR)/aging_people.app/aging_people";
			};
			name = Release;
		};
		95438EC91ECD05AD003E232D /* Debug */ = {
			isa = XCBuildConfiguration;
			buildSettings = {
				ALWAYS_EMBED_SWIFT_STANDARD_LIBRARIES = YES;
				DEVELOPMENT_TEAM = 7XE3J4SBAB;
				INFOPLIST_FILE = aging_peopleUITests/Info.plist;
				LD_RUNPATH_SEARCH_PATHS = "$(inherited) @executable_path/Frameworks @loader_path/Frameworks";
				PRODUCT_BUNDLE_IDENTIFIER = "jk.aging-peopleUITests";
				PRODUCT_NAME = "$(TARGET_NAME)";
				SWIFT_VERSION = 3.0;
				TEST_TARGET_NAME = aging_people;
			};
			name = Debug;
		};
		95438ECA1ECD05AD003E232D /* Release */ = {
			isa = XCBuildConfiguration;
			buildSettings = {
				ALWAYS_EMBED_SWIFT_STANDARD_LIBRARIES = YES;
				DEVELOPMENT_TEAM = 7XE3J4SBAB;
				INFOPLIST_FILE = aging_peopleUITests/Info.plist;
				LD_RUNPATH_SEARCH_PATHS = "$(inherited) @executable_path/Frameworks @loader_path/Frameworks";
				PRODUCT_BUNDLE_IDENTIFIER = "jk.aging-peopleUITests";
				PRODUCT_NAME = "$(TARGET_NAME)";
				SWIFT_VERSION = 3.0;
				TEST_TARGET_NAME = aging_people;
			};
			name = Release;
		};
/* End XCBuildConfiguration section */

/* Begin XCConfigurationList section */
		95438E951ECD05AD003E232D /* Build configuration list for PBXProject "aging_people" */ = {
			isa = XCConfigurationList;
			buildConfigurations = (
				95438EC01ECD05AD003E232D /* Debug */,
				95438EC11ECD05AD003E232D /* Release */,
			);
			defaultConfigurationIsVisible = 0;
			defaultConfigurationName = Release;
		};
		95438EC21ECD05AD003E232D /* Build configuration list for PBXNativeTarget "aging_people" */ = {
			isa = XCConfigurationList;
			buildConfigurations = (
				95438EC31ECD05AD003E232D /* Debug */,
				95438EC41ECD05AD003E232D /* Release */,
			);
			defaultConfigurationIsVisible = 0;
		};
		95438EC51ECD05AD003E232D /* Build configuration list for PBXNativeTarget "aging_peopleTests" */ = {
			isa = XCConfigurationList;
			buildConfigurations = (
				95438EC61ECD05AD003E232D /* Debug */,
				95438EC71ECD05AD003E232D /* Release */,
			);
			defaultConfigurationIsVisible = 0;
		};
		95438EC81ECD05AD003E232D /* Build configuration list for PBXNativeTarget "aging_peopleUITests" */ = {
			isa = XCConfigurationList;
			buildConfigurations = (
				95438EC91ECD05AD003E232D /* Debug */,
				95438ECA1ECD05AD003E232D /* Release */,
			);
			defaultConfigurationIsVisible = 0;
		};
/* End XCConfigurationList section */
	};
	rootObject = 95438E921ECD05AD003E232D /* Project object */;
}
